
Microsoft Visual Studio Solution File, Format Version 12.00
# Visual Studio Version 16
VisualStudioVersion = 16.0.31328.270
MinimumVisualStudioVersion = 10.0.40219.1
Project("{FAE04EC0-301F-11D3-BF4B-00C04F79EFBC}") = "TeamsTabSso", "TeamsTabSso\TeamsTabSso.csproj", "{9572F0B5-568A-4DAE-84D7-31EB6A569904}"
EndProject
Global
	GlobalSection(SolutionConfigurationPlatforms) = preSolution
		Debug|Any CPU = Debug|Any CPU
		Release|Any CPU = Release|Any CPU
	EndGlobalSection
	GlobalSection(ProjectConfigurationPlatforms) = postSolution
		{9572F0B5-568A-4DAE-84D7-31EB6A569904}.Debug|Any CPU.ActiveCfg = Debug|Any CPU
		{9572F0B5-568A-4DAE-84D7-31EB6A569904}.Debug|Any CPU.Build.0 = Debug|Any CPU
		{9572F0B5-568A-4DAE-84D7-31EB6A569904}.Release|Any CPU.ActiveCfg = Release|Any CPU
		{9572F0B5-568A-4DAE-84D7-31EB6A569904}.Release|Any CPU.Build.0 = Release|Any CPU
	EndGlobalSection
	GlobalSection(SolutionProperties) = preSolution
		HideSolutionNode = FALSE
	EndGlobalSection
	GlobalSection(ExtensibilityGlobals) = postSolution
		SolutionGuid = {5723B35E-5A47-421C-8B26-3522799504FB}
	EndGlobalSection
EndGlobal
